
Microsoft Visual Studio Solution File, Format Version 12.00
# Visual Studio 15
VisualStudioVersion = 15.0.28010.2041
MinimumVisualStudioVersion = 10.0.40219.1
Project("{FAE04EC0-301F-11D3-BF4B-00C04F79EFBC}") = "PrograAvanzada.NorthWind", "PrograAvanzada.NorthWind\PrograAvanzada.NorthWind.csproj", "{4C3F4C13-195E-42F5-902D-77D0C75F6E0B}"
EndProject
Project("{FAE04EC0-301F-11D3-BF4B-00C04F79EFBC}") = "PrograAvanzada.NorthWind.Products.Model", "PrograAvanzada.NorthWind.Products.Model\PrograAvanzada.NorthWind.Products.Model.csproj", "{F146BE3B-DF77-44FA-A299-3ACE9DDC2496}"
EndProject
Project("{FAE04EC0-301F-11D3-BF4B-00C04F79EFBC}") = "PorgraAvanzada.NorthWind.Products.BL", "PorgraAvanzada.NorthWind.Products.BL\PorgraAvanzada.NorthWind.Products.BL.csproj", "{73E6911C-AD70-4A49-9E24-80FDC4729E82}"
EndProject
Global
	GlobalSection(SolutionConfigurationPlatforms) = preSolution
		Debug|Any CPU = Debug|Any CPU
		Release|Any CPU = Release|Any CPU
	EndGlobalSection
	GlobalSection(ProjectConfigurationPlatforms) = postSolution
		{4C3F4C13-195E-42F5-902D-77D0C75F6E0B}.Debug|Any CPU.ActiveCfg = Debug|Any CPU
		{4C3F4C13-195E-42F5-902D-77D0C75F6E0B}.Debug|Any CPU.Build.0 = Debug|Any CPU
		{4C3F4C13-195E-42F5-902D-77D0C75F6E0B}.Release|Any CPU.ActiveCfg = Release|Any CPU
		{4C3F4C13-195E-42F5-902D-77D0C75F6E0B}.Release|Any CPU.Build.0 = Release|Any CPU
		{F146BE3B-DF77-44FA-A299-3ACE9DDC2496}.Debug|Any CPU.ActiveCfg = Debug|Any CPU
		{F146BE3B-DF77-44FA-A299-3ACE9DDC2496}.Debug|Any CPU.Build.0 = Debug|Any CPU
		{F146BE3B-DF77-44FA-A299-3ACE9DDC2496}.Release|Any CPU.ActiveCfg = Release|Any CPU
		{F146BE3B-DF77-44FA-A299-3ACE9DDC2496}.Release|Any CPU.Build.0 = Release|Any CPU
		{73E6911C-AD70-4A49-9E24-80FDC4729E82}.Debug|Any CPU.ActiveCfg = Debug|Any CPU
		{73E6911C-AD70-4A49-9E24-80FDC4729E82}.Debug|Any CPU.Build.0 = Debug|Any CPU
		{73E6911C-AD70-4A49-9E24-80FDC4729E82}.Release|Any CPU.ActiveCfg = Release|Any CPU
		{73E6911C-AD70-4A49-9E24-80FDC4729E82}.Release|Any CPU.Build.0 = Release|Any CPU
	EndGlobalSection
	GlobalSection(SolutionProperties) = preSolution
		HideSolutionNode = FALSE
	EndGlobalSection
	GlobalSection(ExtensibilityGlobals) = postSolution
		SolutionGuid = {D3E23A20-7E8B-4A05-BDC6-86A530860869}
	EndGlobalSection
EndGlobal
